<?xml version="1.0" encoding="utf-8"?>
<Project ToolsVersion="4.0" xmlns="http://schemas.microsoft.com/developer/msbuild/2003">
  <ItemGroup>
    <Filter Include="External">
      <UniqueIdentifier>{67DA6AB6-F800-4c08-8B7A-83BB121AAD01}</UniqueIdentifier>
      <Extensions>rc;ico;cur;bmp;dlg;rc2;rct;bin;rgs;gif;jpg;jpeg;jpe;resx;tiff;tif;png;wav;mfcribbon-ms</Extensions>
    </Filter>
    <Filter Include="Source">
      <UniqueIdentifier>{4FC737F1-C7A5-4376-A066-2A32D752A2FF}</UniqueIdentifier>
      <Extensions>cpp;c;cc;cxx;def;odl;idl;hpj;bat;asm;asmx</Extensions>
    </Filter>
    <Filter Include="HLSL">
      <UniqueIdentifier>{9f64f4ff-d9e0-43d7-88e1-13e6d3656a89}</UniqueIdentifier>
      <Extensions>hlsl;hlsli</Extensions>
    </Filter>
    <Filter Include="External\imgui">
      <UniqueIdentifier>{c85446c9-90d2-4441-add5-5aac511d95ce}</UniqueIdentifier>
    </Filter>
    <Filter Include="External\DirectXTex">
      <UniqueIdentifier>{8dd0c8ba-1f1c-4648-8a04-c28bb5a1c75a}</UniqueIdentifier>
    </Filter>
    <Filter Include="Source\Input">
      <UniqueIdentifier>{1922815d-5a70-4f38-9fbd-fb6e72c44df0}</UniqueIdentifier>
    </Filter>
    <Filter Include="Source\Graphics">
      <UniqueIdentifier>{2ac7cb79-cb10-43d1-856f-e51f0f698e73}</UniqueIdentifier>
    </Filter>
    <Filter Include="Source\Audio">
      <UniqueIdentifier>{dfdec87c-66e2-424a-8126-477d89e5eb73}</UniqueIdentifier>
    </Filter>
    <Filter Include="HLSL\Debug">
      <UniqueIdentifier>{59371d65-e210-43f6-92a4-a18dfac11b23}</UniqueIdentifier>
    </Filter>
    <Filter Include="HLSL\ImGui">
      <UniqueIdentifier>{b3b7366e-6567-4977-88b4-a19b472fb2a8}</UniqueIdentifier>
    </Filter>
    <Filter Include="HLSL\Lambert">
      <UniqueIdentifier>{435922d9-f7c3-429e-8e77-fbd24910756e}</UniqueIdentifier>
    </Filter>
    <Filter Include="HLSL\Line">
      <UniqueIdentifier>{c7046514-5e63-4406-b79c-cb7a295d54ab}</UniqueIdentifier>
    </Filter>
    <Filter Include="HLSL\Sprite">
      <UniqueIdentifier>{6429283b-dafa-4d2b-b621-de2c17902ff8}</UniqueIdentifier>
    </Filter>
    <Filter Include="HLSL\Toon">
      <UniqueIdentifier>{2c3cc9e1-3a23-4923-99f0-91ab1ec6d118}</UniqueIdentifier>
    </Filter>
    <Filter Include="HLSL\PhongDrawShadow">
      <UniqueIdentifier>{ef1905b8-1e94-4b9b-8314-92a7678a9193}</UniqueIdentifier>
    </Filter>
    <Filter Include="HLSL\ShadowMap">
      <UniqueIdentifier>{237f8333-94a4-428e-9767-0c38da2cb1fd}</UniqueIdentifier>
    </Filter>
    <Filter Include="HLSL\NoLight">
      <UniqueIdentifier>{9563cdff-15cf-477d-97a4-ef6c36c7fd03}</UniqueIdentifier>
    </Filter>
    <Filter Include="HLSL\SkyBox">
      <UniqueIdentifier>{feb86e68-ac09-4fcd-860d-f5c36c07d958}</UniqueIdentifier>
    </Filter>
    <Filter Include="HLSL\ReflectMap">
      <UniqueIdentifier>{dbbbd910-b74e-4faa-a52c-639c77e8f07a}</UniqueIdentifier>
    </Filter>
    <Filter Include="HLSL\WaterSurfaceRipples">
      <UniqueIdentifier>{7818e973-a7cb-4fee-b631-c76bdbe29ff0}</UniqueIdentifier>
    </Filter>
    <Filter Include="HLSL\WaterSurface">
      <UniqueIdentifier>{d60ebadb-95bd-481a-a25d-498647e70675}</UniqueIdentifier>
    </Filter>
    <Filter Include="Source\Scene">
      <UniqueIdentifier>{231c5981-00ef-4fa3-b897-1b0d4e4db401}</UniqueIdentifier>
    </Filter>
    <Filter Include="HLSL\MakeCubeMap">
      <UniqueIdentifier>{e0a67f4a-d795-4960-8a11-af60b0ebfd04}</UniqueIdentifier>
    </Filter>
    <Filter Include="HLSL\UseCubeMap">
      <UniqueIdentifier>{22b8e430-71a0-4672-8a4d-af13fb5975e4}</UniqueIdentifier>
    </Filter>
    <Filter Include="HLSL\DaynamicWave">
      <UniqueIdentifier>{d37923b4-fb1b-44e4-9192-d0a09556ce5b}</UniqueIdentifier>
    </Filter>
    <Filter Include="HLSL\PhongDistructShader">
      <UniqueIdentifier>{ae633796-7eba-4540-a88b-85963b6b6aca}</UniqueIdentifier>
    </Filter>
    <Filter Include="HLSL\PointSpriteParticle">
      <UniqueIdentifier>{0963eea7-55e2-4d1b-ac57-314621f2312e}</UniqueIdentifier>
    </Filter>
  </ItemGroup>
  <ItemGroup>
    <ClInclude Include="External\imgui\imconfig.h">
      <Filter>External\imgui</Filter>
    </ClInclude>
    <ClInclude Include="External\imgui\imgui.h">
      <Filter>External\imgui</Filter>
    </ClInclude>
    <ClInclude Include="External\imgui\imgui_internal.h">
      <Filter>External\imgui</Filter>
    </ClInclude>
    <ClInclude Include="External\imgui\imstb_rectpack.h">
      <Filter>External\imgui</Filter>
    </ClInclude>
    <ClInclude Include="External\imgui\imstb_textedit.h">
      <Filter>External\imgui</Filter>
    </ClInclude>
    <ClInclude Include="External\imgui\imstb_truetype.h">
      <Filter>External\imgui</Filter>
    </ClInclude>
    <ClInclude Include="External\DirectXTex\WICTextureLoader.h">
      <Filter>External\DirectXTex</Filter>
    </ClInclude>
    <ClInclude Include="Source\Input\GamePad.h">
      <Filter>Source\Input</Filter>
    </ClInclude>
    <ClInclude Include="Source\Framework.h">
      <Filter>Source</Filter>
    </ClInclude>
    <ClInclude Include="Source\HighResolutionTimer.h">
      <Filter>Source</Filter>
    </ClInclude>
    <ClInclude Include="Source\Logger.h">
      <Filter>Source</Filter>
    </ClInclude>
    <ClInclude Include="Source\Misc.h">
      <Filter>Source</Filter>
    </ClInclude>
    <ClInclude Include="Source\Graphics\DebugRenderer.h">
      <Filter>Source\Graphics</Filter>
    </ClInclude>
    <ClInclude Include="Source\Graphics\Graphics.h">
      <Filter>Source\Graphics</Filter>
    </ClInclude>
    <ClInclude Include="Source\Graphics\ImGuiRenderer.h">
      <Filter>Source\Graphics</Filter>
    </ClInclude>
    <ClInclude Include="Source\Graphics\LambertShader.h">
      <Filter>Source\Graphics</Filter>
    </ClInclude>
    <ClInclude Include="Source\Graphics\Model.h">
      <Filter>Source\Graphics</Filter>
    </ClInclude>
    <ClInclude Include="Source\Graphics\ModelResource.h">
      <Filter>Source\Graphics</Filter>
    </ClInclude>
    <ClInclude Include="Source\Graphics\Shader.h">
      <Filter>Source\Graphics</Filter>
    </ClInclude>
    <ClInclude Include="Source\Input\Input.h">
      <Filter>Source\Input</Filter>
    </ClInclude>
    <ClInclude Include="Source\Graphics\RenderContext.h">
      <Filter>Source\Graphics</Filter>
    </ClInclude>
    <ClInclude Include="Source\Graphics\LineRenderer.h">
      <Filter>Source\Graphics</Filter>
    </ClInclude>
    <ClInclude Include="Source\Graphics\Sprite.h">
      <Filter>Source\Graphics</Filter>
    </ClInclude>
    <ClInclude Include="Source\Audio\Audio.h">
      <Filter>Source\Audio</Filter>
    </ClInclude>
    <ClInclude Include="Source\Audio\AudioResource.h">
      <Filter>Source\Audio</Filter>
    </ClInclude>
    <ClInclude Include="Source\Audio\AudioSource.h">
      <Filter>Source\Audio</Filter>
    </ClInclude>
    <ClInclude Include="Source\Input\Mouse.h">
      <Filter>Source\Input</Filter>
    </ClInclude>
    <ClInclude Include="Source\Character.h">
      <Filter>Source</Filter>
    </ClInclude>
    <ClInclude Include="Source\Player.h">
      <Filter>Source</Filter>
    </ClInclude>
    <ClInclude Include="Source\Camera.h">
      <Filter>Source</Filter>
    </ClInclude>
    <ClInclude Include="Source\CameraController.h">
      <Filter>Source</Filter>
    </ClInclude>
    <ClInclude Include="Source\Enemy.h">
      <Filter>Source</Filter>
    </ClInclude>
    <ClInclude Include="Source\EnemyManager.h">
      <Filter>Source</Filter>
    </ClInclude>
    <ClInclude Include="Source\EnemySlime.h">
      <Filter>Source</Filter>
    </ClInclude>
    <ClInclude Include="Source\Collision.h">
      <Filter>Source</Filter>
    </ClInclude>
    <ClInclude Include="Source\Projectile.h">
      <Filter>Source</Filter>
    </ClInclude>
    <ClInclude Include="Source\ProjectileManager.h">
      <Filter>Source</Filter>
    </ClInclude>
    <ClInclude Include="Source\ProjectileStraite.h">
      <Filter>Source</Filter>
    </ClInclude>
    <ClInclude Include="Source\ProjectileHoming.h">
      <Filter>Source</Filter>
    </ClInclude>
    <ClInclude Include="Source\EffectManager.h">
      <Filter>Source</Filter>
    </ClInclude>
    <ClInclude Include="Source\Effect.h">
      <Filter>Source</Filter>
    </ClInclude>
    <ClInclude Include="Source\Mathf.h">
      <Filter>Source</Filter>
    </ClInclude>
    <ClInclude Include="Source\StageMain.h">
      <Filter>Source</Filter>
    </ClInclude>
    <ClInclude Include="Source\Stage.h">
      <Filter>Source</Filter>
    </ClInclude>
    <ClInclude Include="Source\StageManager.h">
      <Filter>Source</Filter>
    </ClInclude>
    <ClInclude Include="Source\StageMoveFloor.h">
      <Filter>Source</Filter>
    </ClInclude>
    <ClInclude Include="Source\ResourceManager.h">
      <Filter>Source</Filter>
    </ClInclude>
    <ClInclude Include="Source\Graphics\ToonShader.h">
      <Filter>Source\Graphics</Filter>
    </ClInclude>
    <ClInclude Include="Source\Graphics\PhongDrawShadowShader.h">
      <Filter>Source\Graphics</Filter>
    </ClInclude>
    <ClInclude Include="Source\Graphics\PhongShader.h">
      <Filter>Source\Graphics</Filter>
    </ClInclude>
    <ClInclude Include="Source\Graphics\ShadowMapShader.h">
      <Filter>Source\Graphics</Filter>
    </ClInclude>
    <ClInclude Include="Source\Graphics\RenderTarget.h">
      <Filter>Source\Graphics</Filter>
    </ClInclude>
    <ClInclude Include="Source\StaticObject.h">
      <Filter>Source</Filter>
    </ClInclude>
    <ClInclude Include="Source\Sky.h">
      <Filter>Source</Filter>
    </ClInclude>
    <ClInclude Include="Source\Graphics\NoLightShader.h">
      <Filter>Source\Graphics</Filter>
    </ClInclude>
    <ClInclude Include="Source\Graphics\SkyBox.h">
      <Filter>Source\Graphics</Filter>
    </ClInclude>
    <ClInclude Include="Source\StageWaterSurface.h">
      <Filter>Source</Filter>
    </ClInclude>
    <ClInclude Include="Source\Graphics\ReflectMapShader.h">
      <Filter>Source\Graphics</Filter>
    </ClInclude>
    <ClInclude Include="Source\Graphics\WaterSurfaceRipplesShader.h">
      <Filter>Source\Graphics</Filter>
    </ClInclude>
    <ClInclude Include="Source\WaterSurface.h">
      <Filter>Source</Filter>
    </ClInclude>
    <ClInclude Include="Source\Graphics\WaterSurfaceShader.h">
      <Filter>Source\Graphics</Filter>
    </ClInclude>
    <ClInclude Include="Source\Scene.h">
      <Filter>Source\Scene</Filter>
    </ClInclude>
    <ClInclude Include="Source\SceneGame01.h">
      <Filter>Source\Scene</Filter>
    </ClInclude>
    <ClInclude Include="Source\SceneGame02.h">
      <Filter>Source\Scene</Filter>
    </ClInclude>
    <ClInclude Include="Source\SceneGame03.h">
      <Filter>Source\Scene</Filter>
    </ClInclude>
    <ClInclude Include="Source\SceneLoading.h">
      <Filter>Source\Scene</Filter>
    </ClInclude>
    <ClInclude Include="Source\SceneManager.h">
      <Filter>Source\Scene</Filter>
    </ClInclude>
    <ClInclude Include="Source\SceneTitle.h">
      <Filter>Source\Scene</Filter>
    </ClInclude>
    <ClInclude Include="Source\SceneGame04.h">
      <Filter>Source\Scene</Filter>
    </ClInclude>
    <ClInclude Include="Source\SceneGame00.h">
      <Filter>Source\Scene</Filter>
    </ClInclude>
    <ClInclude Include="Source\EarthBall.h">
      <Filter>Source</Filter>
    </ClInclude>
    <ClInclude Include="Source\Graphics\MakeCubeMapShader.h">
      <Filter>Source\Graphics</Filter>
    </ClInclude>
    <ClInclude Include="Source\Graphics\UseCubeMapShader.h">
      <Filter>Source\Graphics</Filter>
    </ClInclude>
    <ClInclude Include="Source\SceneGame05.h">
      <Filter>Source\Scene</Filter>
    </ClInclude>
    <ClInclude Include="Source\Graphics\PhongDistructShader.h">
      <Filter>Source\Graphics</Filter>
    </ClInclude>
    <ClInclude Include="Source\SceneGame06.h">
      <Filter>Source\Scene</Filter>
    </ClInclude>
    <ClInclude Include="Source\SceneGame07.h">
      <Filter>Source\Scene</Filter>
    </ClInclude>
    <ClInclude Include="Source\ParticleSystem.h">
      <Filter>Source</Filter>
    </ClInclude>
    <ClInclude Include="Source\Graphics\Texture.h">
      <Filter>Source\Graphics</Filter>
    </ClInclude>
  </ItemGroup>
  <ItemGroup>
    <ClCompile Include="External\imgui\imgui.cpp">
      <Filter>External\imgui</Filter>
    </ClCompile>
    <ClCompile Include="External\imgui\imgui_demo.cpp">
      <Filter>External\imgui</Filter>
    </ClCompile>
    <ClCompile Include="External\imgui\imgui_draw.cpp">
      <Filter>External\imgui</Filter>
    </ClCompile>
    <ClCompile Include="External\imgui\imgui_widgets.cpp">
      <Filter>External\imgui</Filter>
    </ClCompile>
    <ClCompile Include="External\DirectXTex\WICTextureLoader.cpp">
      <Filter>External\DirectXTex</Filter>
    </ClCompile>
    <ClCompile Include="Source\Input\GamePad.cpp">
      <Filter>Source\Input</Filter>
    </ClCompile>
    <ClCompile Include="Source\Framework.cpp">
      <Filter>Source</Filter>
    </ClCompile>
    <ClCompile Include="Source\Logger.cpp">
      <Filter>Source</Filter>
    </ClCompile>
    <ClCompile Include="Source\Main.cpp">
      <Filter>Source</Filter>
    </ClCompile>
    <ClCompile Include="Source\Graphics\DebugRenderer.cpp">
      <Filter>Source\Graphics</Filter>
    </ClCompile>
    <ClCompile Include="Source\Graphics\Graphics.cpp">
      <Filter>Source\Graphics</Filter>
    </ClCompile>
    <ClCompile Include="Source\Graphics\ImGuiRenderer.cpp">
      <Filter>Source\Graphics</Filter>
    </ClCompile>
    <ClCompile Include="Source\Graphics\LambertShader.cpp">
      <Filter>Source\Graphics</Filter>
    </ClCompile>
    <ClCompile Include="Source\Graphics\Model.cpp">
      <Filter>Source\Graphics</Filter>
    </ClCompile>
    <ClCompile Include="Source\Graphics\ModelResource.cpp">
      <Filter>Source\Graphics</Filter>
    </ClCompile>
    <ClCompile Include="Source\Input\Input.cpp">
      <Filter>Source\Input</Filter>
    </ClCompile>
    <ClCompile Include="Source\Graphics\LineRenderer.cpp">
      <Filter>Source\Graphics</Filter>
    </ClCompile>
    <ClCompile Include="Source\Graphics\Sprite.cpp">
      <Filter>Source\Graphics</Filter>
    </ClCompile>
    <ClCompile Include="Source\Audio\Audio.cpp">
      <Filter>Source\Audio</Filter>
    </ClCompile>
    <ClCompile Include="Source\Audio\AudioResource.cpp">
      <Filter>Source\Audio</Filter>
    </ClCompile>
    <ClCompile Include="Source\Audio\AudioSource.cpp">
      <Filter>Source\Audio</Filter>
    </ClCompile>
    <ClCompile Include="Source\Input\Mouse.cpp">
      <Filter>Source\Input</Filter>
    </ClCompile>
    <ClCompile Include="Source\Character.cpp">
      <Filter>Source</Filter>
    </ClCompile>
    <ClCompile Include="Source\Player.cpp">
      <Filter>Source</Filter>
    </ClCompile>
    <ClCompile Include="Source\Camera.cpp">
      <Filter>Source</Filter>
    </ClCompile>
    <ClCompile Include="Source\CameraController.cpp">
      <Filter>Source</Filter>
    </ClCompile>
    <ClCompile Include="Source\EnemyManager.cpp">
      <Filter>Source</Filter>
    </ClCompile>
    <ClCompile Include="Source\EnemySlime.cpp">
      <Filter>Source</Filter>
    </ClCompile>
    <ClCompile Include="Source\Enemy.cpp">
      <Filter>Source</Filter>
    </ClCompile>
    <ClCompile Include="Source\Collision.cpp">
      <Filter>Source</Filter>
    </ClCompile>
    <ClCompile Include="Source\Projectile.cpp">
      <Filter>Source</Filter>
    </ClCompile>
    <ClCompile Include="Source\ProjectileManager.cpp">
      <Filter>Source</Filter>
    </ClCompile>
    <ClCompile Include="Source\ProjectileStraite.cpp">
      <Filter>Source</Filter>
    </ClCompile>
    <ClCompile Include="Source\ProjectileHoming.cpp">
      <Filter>Source</Filter>
    </ClCompile>
    <ClCompile Include="Source\EffectManager.cpp">
      <Filter>Source</Filter>
    </ClCompile>
    <ClCompile Include="Source\Effect.cpp">
      <Filter>Source</Filter>
    </ClCompile>
    <ClCompile Include="Source\Mathf.cpp">
      <Filter>Source</Filter>
    </ClCompile>
    <ClCompile Include="Source\StageMain.cpp">
      <Filter>Source</Filter>
    </ClCompile>
    <ClCompile Include="Source\StageManager.cpp">
      <Filter>Source</Filter>
    </ClCompile>
    <ClCompile Include="Source\StageMoveFloor.cpp">
      <Filter>Source</Filter>
    </ClCompile>
    <ClCompile Include="Source\ResourceManager.cpp">
      <Filter>Source</Filter>
    </ClCompile>
    <ClCompile Include="Source\Graphics\ToonShader.cpp">
      <Filter>Source\Graphics</Filter>
    </ClCompile>
    <ClCompile Include="Source\Graphics\PhongDrawShadowShader.cpp">
      <Filter>Source\Graphics</Filter>
    </ClCompile>
    <ClCompile Include="Source\Graphics\PhongShader.cpp">
      <Filter>Source\Graphics</Filter>
    </ClCompile>
    <ClCompile Include="Source\Graphics\ShadowMapShader.cpp">
      <Filter>Source\Graphics</Filter>
    </ClCompile>
    <ClCompile Include="Source\Graphics\RenderTarget.cpp">
      <Filter>Source\Graphics</Filter>
    </ClCompile>
    <ClCompile Include="Source\Sky.cpp">
      <Filter>Source</Filter>
    </ClCompile>
    <ClCompile Include="Source\Graphics\NoLightShader.cpp">
      <Filter>Source\Graphics</Filter>
    </ClCompile>
    <ClCompile Include="Source\Graphics\SkyBox.cpp">
      <Filter>Source\Graphics</Filter>
    </ClCompile>
    <ClCompile Include="Source\StageWaterSurface.cpp">
      <Filter>Source</Filter>
    </ClCompile>
    <ClCompile Include="Source\Graphics\ReflectMapShader.cpp">
      <Filter>Source\Graphics</Filter>
    </ClCompile>
    <ClCompile Include="Source\Graphics\WaterSurfaceRipplesShader.cpp">
      <Filter>Source\Graphics</Filter>
    </ClCompile>
    <ClCompile Include="Source\WaterSurface.cpp">
      <Filter>Source</Filter>
    </ClCompile>
    <ClCompile Include="Source\Graphics\WaterSurfaceShader.cpp">
      <Filter>Source\Graphics</Filter>
    </ClCompile>
    <ClCompile Include="Source\SceneGame01.cpp">
      <Filter>Source\Scene</Filter>
    </ClCompile>
    <ClCompile Include="Source\SceneGame02.cpp">
      <Filter>Source\Scene</Filter>
    </ClCompile>
    <ClCompile Include="Source\SceneGame03.cpp">
      <Filter>Source\Scene</Filter>
    </ClCompile>
    <ClCompile Include="Source\SceneLoading.cpp">
      <Filter>Source\Scene</Filter>
    </ClCompile>
    <ClCompile Include="Source\SceneManager.cpp">
      <Filter>Source\Scene</Filter>
    </ClCompile>
    <ClCompile Include="Source\SceneTitle.cpp">
      <Filter>Source\Scene</Filter>
    </ClCompile>
    <ClCompile Include="Source\SceneGame04.cpp">
      <Filter>Source\Scene</Filter>
    </ClCompile>
    <ClCompile Include="Source\SceneGame00.cpp">
      <Filter>Source\Scene</Filter>
    </ClCompile>
    <ClCompile Include="Source\EarthBall.cpp">
      <Filter>Source</Filter>
    </ClCompile>
    <ClCompile Include="Source\Graphics\MakeCubeMapShader.cpp">
      <Filter>Source\Graphics</Filter>
    </ClCompile>
    <ClCompile Include="Source\Graphics\UseCubeMapShader.cpp">
      <Filter>Source\Graphics</Filter>
    </ClCompile>
    <ClCompile Include="Source\SceneGame05.cpp">
      <Filter>Source\Scene</Filter>
    </ClCompile>
    <ClCompile Include="Source\Graphics\PhongDistructShader.cpp">
      <Filter>Source\Graphics</Filter>
    </ClCompile>
    <ClCompile Include="Source\SceneGame06.cpp">
      <Filter>Source\Scene</Filter>
    </ClCompile>
    <ClCompile Include="Source\SceneGame07.cpp">
      <Filter>Source\Scene</Filter>
    </ClCompile>
    <ClCompile Include="Source\ParticleSystem.cpp">
      <Filter>Source</Filter>
    </ClCompile>
    <ClCompile Include="Source\Graphics\Texture.cpp">
      <Filter>Source\Graphics</Filter>
    </ClCompile>
  </ItemGroup>
  <ItemGroup>
    <None Include="HLSL\Sprite.hlsli">
      <Filter>HLSL\Sprite</Filter>
    </None>
    <None Include="HLSL\Debug.hlsli">
      <Filter>HLSL\Debug</Filter>
    </None>
    <None Include="HLSL\ImGui.hlsli">
      <Filter>HLSL\ImGui</Filter>
    </None>
    <None Include="HLSL\Lambert.hlsli">
      <Filter>HLSL\Lambert</Filter>
    </None>
    <None Include="HLSL\Line.hlsli">
      <Filter>HLSL\Line</Filter>
    </None>
    <None Include="HLSL\Toon.hlsli">
      <Filter>HLSL\Toon</Filter>
    </None>
    <None Include="HLSL\PhongDrawShadow.hlsli">
      <Filter>HLSL\PhongDrawShadow</Filter>
    </None>
    <None Include="HLSL\ShadowMap.hlsli">
      <Filter>HLSL\ShadowMap</Filter>
    </None>
    <None Include="HLSL\NoLight.hlsli">
      <Filter>HLSL\NoLight</Filter>
    </None>
    <None Include="HLSL\Skybox.hlsli">
      <Filter>HLSL\SkyBox</Filter>
    </None>
    <None Include="HLSL\WaterSurface.hlsli">
      <Filter>HLSL\WaterSurface</Filter>
    </None>
    <None Include="HLSL\ReflectMap.hlsli">
      <Filter>HLSL\ReflectMap</Filter>
    </None>
    <None Include="HLSL\WaterSurfaceRipples.hlsli">
      <Filter>HLSL\WaterSurfaceRipples</Filter>
    </None>
    <None Include="HLSL\makeCubeMapShader.hlsli">
      <Filter>HLSL\MakeCubeMap</Filter>
    </None>
    <None Include="HLSL\UseCubeMapShader.hlsli">
      <Filter>HLSL\UseCubeMap</Filter>
    </None>
    <None Include="HLSL\PhongDistruct.hlsli">
      <Filter>HLSL\PhongDistructShader</Filter>
    </None>
    <None Include="HLSL\PointSprite.hlsli">
      <Filter>HLSL\PointSpriteParticle</Filter>
    </None>
  </ItemGroup>
  <ItemGroup>
    <FxCompile Include="HLSL\SpritePS.hlsl">
      <Filter>HLSL\Sprite</Filter>
    </FxCompile>
    <FxCompile Include="HLSL\SpriteVS.hlsl">
      <Filter>HLSL\Sprite</Filter>
    </FxCompile>
    <FxCompile Include="HLSL\DebugPS.hlsl">
      <Filter>HLSL\Debug</Filter>
    </FxCompile>
    <FxCompile Include="HLSL\DebugVS.hlsl">
      <Filter>HLSL\Debug</Filter>
    </FxCompile>
    <FxCompile Include="HLSL\ImGuiPS.hlsl">
      <Filter>HLSL\ImGui</Filter>
    </FxCompile>
    <FxCompile Include="HLSL\ImGuiVS.hlsl">
      <Filter>HLSL\ImGui</Filter>
    </FxCompile>
    <FxCompile Include="HLSL\LambertPS.hlsl">
      <Filter>HLSL\Lambert</Filter>
    </FxCompile>
    <FxCompile Include="HLSL\LambertVS.hlsl">
      <Filter>HLSL\Lambert</Filter>
    </FxCompile>
    <FxCompile Include="HLSL\LinePS.hlsl">
      <Filter>HLSL\Line</Filter>
    </FxCompile>
    <FxCompile Include="HLSL\LineVS.hlsl">
      <Filter>HLSL\Line</Filter>
    </FxCompile>
    <FxCompile Include="HLSL\ToonGS.hlsl">
      <Filter>HLSL\Toon</Filter>
    </FxCompile>
    <FxCompile Include="HLSL\ToonPS.hlsl">
      <Filter>HLSL\Toon</Filter>
    </FxCompile>
    <FxCompile Include="HLSL\ToonVS.hlsl">
      <Filter>HLSL\Toon</Filter>
    </FxCompile>
    <FxCompile Include="HLSL\PhongDrawShadowPS.hlsl">
      <Filter>HLSL\PhongDrawShadow</Filter>
    </FxCompile>
    <FxCompile Include="HLSL\PhongDrawShadowVS.hlsl">
      <Filter>HLSL\PhongDrawShadow</Filter>
    </FxCompile>
    <FxCompile Include="HLSL\ShadowMapPS.hlsl">
      <Filter>HLSL\ShadowMap</Filter>
    </FxCompile>
    <FxCompile Include="HLSL\ShadowMapVS.hlsl">
      <Filter>HLSL\ShadowMap</Filter>
    </FxCompile>
    <FxCompile Include="HLSL\NoLightPS.hlsl">
      <Filter>HLSL\NoLight</Filter>
    </FxCompile>
    <FxCompile Include="HLSL\NoLightVS.hlsl">
      <Filter>HLSL\NoLight</Filter>
    </FxCompile>
    <FxCompile Include="HLSL\SkyBoxPS.hlsl">
      <Filter>HLSL\SkyBox</Filter>
    </FxCompile>
    <FxCompile Include="HLSL\SkyBoxVS.hlsl">
      <Filter>HLSL\SkyBox</Filter>
    </FxCompile>
    <FxCompile Include="HLSL\WaterSurfacePS.hlsl">
      <Filter>HLSL\WaterSurface</Filter>
    </FxCompile>
    <FxCompile Include="HLSL\WaterSurfaceVS.hlsl">
      <Filter>HLSL\WaterSurface</Filter>
    </FxCompile>
    <FxCompile Include="HLSL\ReflectMapPS.hlsl">
      <Filter>HLSL\ReflectMap</Filter>
    </FxCompile>
    <FxCompile Include="HLSL\ReflectMapVS.hlsl">
      <Filter>HLSL\ReflectMap</Filter>
    </FxCompile>
    <FxCompile Include="HLSL\WaterSurfaceRipplesPS.hlsl">
      <Filter>HLSL\WaterSurfaceRipples</Filter>
    </FxCompile>
    <FxCompile Include="HLSL\WaterSurfaceRipplesVS.hlsl">
      <Filter>HLSL\WaterSurfaceRipples</Filter>
    </FxCompile>
    <FxCompile Include="HLSL\makeCubeMapShaderGS.hlsl">
      <Filter>HLSL\MakeCubeMap</Filter>
    </FxCompile>
    <FxCompile Include="HLSL\makeCubeMapShaderPS.hlsl">
      <Filter>HLSL\MakeCubeMap</Filter>
    </FxCompile>
    <FxCompile Include="HLSL\makeCubeMapShaderVS.hlsl">
      <Filter>HLSL\MakeCubeMap</Filter>
    </FxCompile>
    <FxCompile Include="HLSL\UseCubeMapShaderPS.hlsl">
      <Filter>HLSL\UseCubeMap</Filter>
    </FxCompile>
    <FxCompile Include="HLSL\UseCubeMapShaderVS.hlsl">
      <Filter>HLSL\UseCubeMap</Filter>
    </FxCompile>
    <FxCompile Include="HLSL\PhongDistructPS.hlsl">
      <Filter>HLSL\PhongDistructShader</Filter>
    </FxCompile>
    <FxCompile Include="HLSL\PhongDistructVS.hlsl">
      <Filter>HLSL\PhongDistructShader</Filter>
    </FxCompile>
    <FxCompile Include="HLSL\PhongDistructGS.hlsl">
      <Filter>HLSL\PhongDistructShader</Filter>
    </FxCompile>
    <FxCompile Include="HLSL\PointSpriteGS.hlsl">
      <Filter>HLSL\PointSpriteParticle</Filter>
    </FxCompile>
    <FxCompile Include="HLSL\PointSpritePS.hlsl">
      <Filter>HLSL\PointSpriteParticle</Filter>
    </FxCompile>
    <FxCompile Include="HLSL\PointSpriteVS.hlsl">
      <Filter>HLSL\PointSpriteParticle</Filter>
    </FxCompile>
  </ItemGroup>
</Project>